
Microsoft Visual Studio Solution File, Format Version 12.00
# Visual Studio Version 16
VisualStudioVersion = 16.0.34407.143
MinimumVisualStudioVersion = 10.0.40219.1
Project("{FAE04EC0-301F-11D3-BF4B-00C04F79EFBC}") = "Entityframework_database_mvc_crud", "Entityframework_database_mvc_crud\Entityframework_database_mvc_crud.csproj", "{11636870-FD57-4661-B991-B660C258A97B}"
EndProject
Global
	GlobalSection(SolutionConfigurationPlatforms) = preSolution
		Debug|Any CPU = Debug|Any CPU
		Release|Any CPU = Release|Any CPU
	EndGlobalSection
	GlobalSection(ProjectConfigurationPlatforms) = postSolution
		{11636870-FD57-4661-B991-B660C258A97B}.Debug|Any CPU.ActiveCfg = Debug|Any CPU
		{11636870-FD57-4661-B991-B660C258A97B}.Debug|Any CPU.Build.0 = Debug|Any CPU
		{11636870-FD57-4661-B991-B660C258A97B}.Release|Any CPU.ActiveCfg = Release|Any CPU
		{11636870-FD57-4661-B991-B660C258A97B}.Release|Any CPU.Build.0 = Release|Any CPU
	EndGlobalSection
	GlobalSection(SolutionProperties) = preSolution
		HideSolutionNode = FALSE
	EndGlobalSection
	GlobalSection(ExtensibilityGlobals) = postSolution
		SolutionGuid = {BE4B723D-67B5-40A7-A491-F60AE1352B80}
	EndGlobalSection
EndGlobal
